
Microsoft Visual Studio Solution File, Format Version 12.00
# Visual Studio 14
VisualStudioVersion = 14.0.25420.1
MinimumVisualStudioVersion = 10.0.40219.1
Project("{2150E333-8FDC-42A3-9474-1A3956D46DE8}") = "src", "src", "{E4EEBDFF-9407-4B81-B960-1F5BE206C905}"
EndProject
Project("{2150E333-8FDC-42A3-9474-1A3956D46DE8}") = "Solution Items", "Solution Items", "{181D6140-3499-40ED-9BC9-96E3A118B123}"
	ProjectSection(SolutionItems) = preProject
		global.json = global.json
	EndProjectSection
EndProject
Project("{8BB2217D-0F2D-49D1-97BC-3654ED321F3B}") = "Suruku", "src\Suruku\Suruku.xproj", "{D7699228-AF62-4BDC-A4D9-3F04120006A3}"
EndProject
Project("{8BB2217D-0F2D-49D1-97BC-3654ED321F3B}") = "Sperm", "src\Sperm\Sperm.xproj", "{4AE090C1-D4AF-4859-AAD0-3F44906C51A5}"
EndProject
Project("{8BB2217D-0F2D-49D1-97BC-3654ED321F3B}") = "Sperm.Blog", "src\Sperm.Blog\Sperm.Blog.xproj", "{A2923F31-8932-4095-B153-D910DC08F848}"
EndProject
Global
	GlobalSection(SolutionConfigurationPlatforms) = preSolution
		Debug|Any CPU = Debug|Any CPU
		Release|Any CPU = Release|Any CPU
	EndGlobalSection
	GlobalSection(ProjectConfigurationPlatforms) = postSolution
		{D7699228-AF62-4BDC-A4D9-3F04120006A3}.Debug|Any CPU.ActiveCfg = Debug|Any CPU
		{D7699228-AF62-4BDC-A4D9-3F04120006A3}.Debug|Any CPU.Build.0 = Debug|Any CPU
		{D7699228-AF62-4BDC-A4D9-3F04120006A3}.Release|Any CPU.ActiveCfg = Release|Any CPU
		{D7699228-AF62-4BDC-A4D9-3F04120006A3}.Release|Any CPU.Build.0 = Release|Any CPU
		{4AE090C1-D4AF-4859-AAD0-3F44906C51A5}.Debug|Any CPU.ActiveCfg = Debug|Any CPU
		{4AE090C1-D4AF-4859-AAD0-3F44906C51A5}.Debug|Any CPU.Build.0 = Debug|Any CPU
		{4AE090C1-D4AF-4859-AAD0-3F44906C51A5}.Release|Any CPU.ActiveCfg = Release|Any CPU
		{4AE090C1-D4AF-4859-AAD0-3F44906C51A5}.Release|Any CPU.Build.0 = Release|Any CPU
		{A2923F31-8932-4095-B153-D910DC08F848}.Debug|Any CPU.ActiveCfg = Debug|Any CPU
		{A2923F31-8932-4095-B153-D910DC08F848}.Debug|Any CPU.Build.0 = Debug|Any CPU
		{A2923F31-8932-4095-B153-D910DC08F848}.Release|Any CPU.ActiveCfg = Release|Any CPU
		{A2923F31-8932-4095-B153-D910DC08F848}.Release|Any CPU.Build.0 = Release|Any CPU
	EndGlobalSection
	GlobalSection(SolutionProperties) = preSolution
		HideSolutionNode = FALSE
	EndGlobalSection
	GlobalSection(NestedProjects) = preSolution
		{D7699228-AF62-4BDC-A4D9-3F04120006A3} = {E4EEBDFF-9407-4B81-B960-1F5BE206C905}
		{4AE090C1-D4AF-4859-AAD0-3F44906C51A5} = {E4EEBDFF-9407-4B81-B960-1F5BE206C905}
		{A2923F31-8932-4095-B153-D910DC08F848} = {E4EEBDFF-9407-4B81-B960-1F5BE206C905}
	EndGlobalSection
EndGlobal
